
Microsoft Visual Studio Solution File, Format Version 10.00
# Visual Studio 2008
Project("{FAE04EC0-301F-11D3-BF4B-00C04F79EFBC}") = "DDEConsole", "DDEConsole\DDEConsole.csproj", "{1BB7FAE3-01B5-46B0-86E3-69F8D9B2DEFD}"
EndProject
Project("{FAE04EC0-301F-11D3-BF4B-00C04F79EFBC}") = "IV", "IV\IV.csproj", "{98AEA11D-46BC-40C7-9BC0-62C286AB94A3}"
EndProject
Project("{FAE04EC0-301F-11D3-BF4B-00C04F79EFBC}") = "Oracle", "Oracle\Oracle.csproj", "{8485930B-9A1D-4BC8-980B-50D2190E0CD1}"
EndProject
Project("{FAE04EC0-301F-11D3-BF4B-00C04F79EFBC}") = "WeightedRate", "WeightedRate\WeightedRate.csproj", "{67164143-9E8F-4A34-B773-D3F720E24B95}"
EndProject
Project("{FAE04EC0-301F-11D3-BF4B-00C04F79EFBC}") = "CollectData", "CollectData\CollectData.csproj", "{E300E25B-D691-40F9-BB09-971B3ED7D8E7}"
EndProject
Global
	GlobalSection(SubversionScc) = preSolution
		Svn-Managed = True
		Manager = AnkhSVN - Subversion Support for Visual Studio
	EndGlobalSection
	GlobalSection(SolutionConfigurationPlatforms) = preSolution
		Debug|Any CPU = Debug|Any CPU
		Release|Any CPU = Release|Any CPU
	EndGlobalSection
	GlobalSection(ProjectConfigurationPlatforms) = postSolution
		{1BB7FAE3-01B5-46B0-86E3-69F8D9B2DEFD}.Debug|Any CPU.ActiveCfg = Debug|Any CPU
		{1BB7FAE3-01B5-46B0-86E3-69F8D9B2DEFD}.Debug|Any CPU.Build.0 = Debug|Any CPU
		{1BB7FAE3-01B5-46B0-86E3-69F8D9B2DEFD}.Release|Any CPU.ActiveCfg = Release|Any CPU
		{1BB7FAE3-01B5-46B0-86E3-69F8D9B2DEFD}.Release|Any CPU.Build.0 = Release|Any CPU
		{98AEA11D-46BC-40C7-9BC0-62C286AB94A3}.Debug|Any CPU.ActiveCfg = Debug|Any CPU
		{98AEA11D-46BC-40C7-9BC0-62C286AB94A3}.Debug|Any CPU.Build.0 = Debug|Any CPU
		{98AEA11D-46BC-40C7-9BC0-62C286AB94A3}.Release|Any CPU.ActiveCfg = Release|Any CPU
		{98AEA11D-46BC-40C7-9BC0-62C286AB94A3}.Release|Any CPU.Build.0 = Release|Any CPU
		{8485930B-9A1D-4BC8-980B-50D2190E0CD1}.Debug|Any CPU.ActiveCfg = Debug|Any CPU
		{8485930B-9A1D-4BC8-980B-50D2190E0CD1}.Debug|Any CPU.Build.0 = Debug|Any CPU
		{8485930B-9A1D-4BC8-980B-50D2190E0CD1}.Release|Any CPU.ActiveCfg = Release|Any CPU
		{8485930B-9A1D-4BC8-980B-50D2190E0CD1}.Release|Any CPU.Build.0 = Release|Any CPU
		{67164143-9E8F-4A34-B773-D3F720E24B95}.Debug|Any CPU.ActiveCfg = Debug|Any CPU
		{67164143-9E8F-4A34-B773-D3F720E24B95}.Debug|Any CPU.Build.0 = Debug|Any CPU
		{67164143-9E8F-4A34-B773-D3F720E24B95}.Release|Any CPU.ActiveCfg = Release|Any CPU
		{67164143-9E8F-4A34-B773-D3F720E24B95}.Release|Any CPU.Build.0 = Release|Any CPU
		{E300E25B-D691-40F9-BB09-971B3ED7D8E7}.Debug|Any CPU.ActiveCfg = Debug|Any CPU
		{E300E25B-D691-40F9-BB09-971B3ED7D8E7}.Debug|Any CPU.Build.0 = Debug|Any CPU
		{E300E25B-D691-40F9-BB09-971B3ED7D8E7}.Release|Any CPU.ActiveCfg = Release|Any CPU
		{E300E25B-D691-40F9-BB09-971B3ED7D8E7}.Release|Any CPU.Build.0 = Release|Any CPU
	EndGlobalSection
	GlobalSection(SolutionProperties) = preSolution
		HideSolutionNode = FALSE
	EndGlobalSection
EndGlobal
